
Microsoft Visual Studio Solution File, Format Version 12.00
# Visual Studio Version 16
VisualStudioVersion = 16.0.31624.102
MinimumVisualStudioVersion = 10.0.40219.1
Project("{FAE04EC0-301F-11D3-BF4B-00C04F79EFBC}") = "MessingAround", "MessingAround\MessingAround.csproj", "{0485FF2D-0ED4-44A3-A229-807056C36044}"
EndProject
Global
	GlobalSection(SolutionConfigurationPlatforms) = preSolution
		Debug|Any CPU = Debug|Any CPU
		Release|Any CPU = Release|Any CPU
	EndGlobalSection
	GlobalSection(ProjectConfigurationPlatforms) = postSolution
		{0485FF2D-0ED4-44A3-A229-807056C36044}.Debug|Any CPU.ActiveCfg = Debug|Any CPU
		{0485FF2D-0ED4-44A3-A229-807056C36044}.Debug|Any CPU.Build.0 = Debug|Any CPU
		{0485FF2D-0ED4-44A3-A229-807056C36044}.Release|Any CPU.ActiveCfg = Release|Any CPU
		{0485FF2D-0ED4-44A3-A229-807056C36044}.Release|Any CPU.Build.0 = Release|Any CPU
	EndGlobalSection
	GlobalSection(SolutionProperties) = preSolution
		HideSolutionNode = FALSE
	EndGlobalSection
	GlobalSection(ExtensibilityGlobals) = postSolution
		SolutionGuid = {80AFB3E1-30F5-4304-9237-BED71994A92F}
	EndGlobalSection
EndGlobal
